{
  "lockfileVersion": 1,
  "workspaces": {
    "": {
      "name": "ligou-ai-landing",
      "devDependencies": {
        "supabase": "2.115.0",
      },
    },
  },
  "packages": {
    "@ecies/ciphers": ["@ecies/ciphers@0.2.6", "", { "peerDependencies": { "@noble/ciphers": "^1.0.0" } }, "sha512-patgsRPKGkhhoBjETV4XxD0En4ui5fbX0hzayqI3M8tvNMGUoUvmyYAIWwlxBc1KX5cturfqByYdj5bYGRpN9g=="],

    "@noble/ciphers": ["@noble/ciphers@1.3.0", "", {}, "sha512-2I0gnIVPtfnMw9ee9h1dJG7tp81+8Ob3OJb3Mv37rx5L40/b0i7djjCVvGOVqc9AEIQyvyu1i6ypKdFw8R8gQw=="],

    "@noble/curves": ["@noble/curves@1.9.7", "", { "dependencies": { "@noble/hashes": "1.8.0" } }, "sha512-gbKGcRUYIjA3/zCCNaWDciTMFI0dCkvou3TL8Zmy5Nc7sJ47a0jtOeZoTaMxkuqRo9cRhjOdZJXegxYE5FN/xw=="],

    "@noble/hashes": ["@noble/hashes@1.8.0", "", {}, "sha512-jCs9ldd7NwzpgXDIf6P3+NrHh9/sD6CQdxHyjQI+h/6rDNo88ypBxxz45UDuZHz9r3tNz7N/VInSVoVdtXEI4A=="],

    "@supabase/cli-darwin-arm64": ["@supabase/cli-darwin-arm64@2.115.0", "", { "os": "darwin", "cpu": "arm64" }, "sha512-yUNw1KG+fyuBqBGvFT8ASC7aAkFkx2Kx+qPjUTW50ttiKKgg8D/eMSCoSjQuaAbL0vafw98bHEZ2dAfdyYyXMA=="],

    "@supabase/cli-darwin-x64": ["@supabase/cli-darwin-x64@2.115.0", "", { "os": "darwin", "cpu": "x64" }, "sha512-e4bbWADYcjSjXgSSErreoqyEeEjrFQunxCYummUoiGdVanck/itAIFwhtRykKpBtoKqCYh4CFxUiDxOFMBdNHQ=="],

    "@supabase/cli-linux-arm64": ["@supabase/cli-linux-arm64@2.115.0", "", { "os": "linux", "cpu": "arm64" }, "sha512-JBcnnFuVekMR9+EOCcup1QihW+CHMBWcL/+N1Uz4HB6leX8d894VQ+sX0pFgbXLqnpGcc35IiXKwjLz4FCb8Dw=="],

    "@supabase/cli-linux-arm64-musl": ["@supabase/cli-linux-arm64-musl@2.115.0", "", { "os": "linux", "cpu": "arm64" }, "sha512-2OCzD4qZx8RFbW2vfOlXpup+1UnVqSauUsSGH4mKiUIveMD/UyMI6Md8CLKLszwV2XwM+6bZG6w7d7Ems9vxCQ=="],

    "@supabase/cli-linux-x64": ["@supabase/cli-linux-x64@2.115.0", "", { "os": "linux", "cpu": "x64" }, "sha512-ZvZ5QbPB3cvenEam6TDgngWPPm9GBO5m/5GYCOsqIfx2Gz5++WsEhlypWy9U4gTFae7ENtih0RqPzgiyWDKE+w=="],

    "@supabase/cli-linux-x64-musl": ["@supabase/cli-linux-x64-musl@2.115.0", "", { "os": "linux", "cpu": "x64" }, "sha512-t36QEEQxy0AsOn0rr1L8aEzZKYS+kRH4fvYr5KdB+rHA1x39A1dUeOCTqCucCr0V5oQ3+odJLlO6tinNczHKMQ=="],

    "@supabase/cli-windows-arm64": ["@supabase/cli-windows-arm64@2.115.0", "", { "os": "win32", "cpu": "arm64" }, "sha512-MkYbWrNZXpWZxwglVaTexj+w6EWYUi34c7Y9SRGbcQBC/infteM/8zhVVRUmO3ltSEqnJCacHowLPISXIF6g/w=="],

    "@supabase/cli-windows-x64": ["@supabase/cli-windows-x64@2.115.0", "", { "os": "win32", "cpu": "x64" }, "sha512-jRXsJjbw/h0ssSpFQeClTTO2wtMw0YYS1yMzN2f/px4DehigBZNxSFB4thOtzmIJoisInm1gYV5pQJZla1Ytpw=="],

    "eciesjs": ["eciesjs@0.5.0", "", { "dependencies": { "@ecies/ciphers": "^0.2.6", "@noble/ciphers": "^1.3.0", "@noble/curves": "^1.9.7", "@noble/hashes": "^1.8.0" } }, "sha512-s0J9SEVYAEPg7J63GFMApLYzPH9VNIQIyC6s15JpnqVc0TqcKWdbgFlnAweEBRyMmko2dcs2sfC83Hj4J43tuA=="],

    "jose": ["jose@6.2.9", "", {}, "sha512-XrchZOFZUl/T3vTwRe8XK+cJrGtMF4th1ARnDfwbBXFKThGhlsxEE4Zu03AD/bjJSt/9jT/mxrOCkJWOg77aPA=="],

    "supabase": ["supabase@2.115.0", "", { "dependencies": { "eciesjs": "^0.5.0", "jose": "^6.2.8" }, "optionalDependencies": { "@supabase/cli-darwin-arm64": "2.115.0", "@supabase/cli-darwin-x64": "2.115.0", "@supabase/cli-linux-arm64": "2.115.0", "@supabase/cli-linux-arm64-musl": "2.115.0", "@supabase/cli-linux-x64": "2.115.0", "@supabase/cli-linux-x64-musl": "2.115.0", "@supabase/cli-windows-arm64": "2.115.0", "@supabase/cli-windows-x64": "2.115.0" }, "bin": { "supabase": "dist/supabase.js" } }, "sha512-8fL9vOd6jOntmU8N5DVlHGE2GWR1r57ulsrOzSyO6IRYq5QMyKie8T8DH+hb+caGhYUVJLvmpY7XYwic60Uafg=="],
  }
}
