{
  "lockfileVersion": 1,
  "workspaces": {
    "": {
      "name": "@ligou/discovery-supervisor",
      "dependencies": {
        "ipaddr.js": "2.5.0",
        "parse5": "8.0.1",
        "tldts": "7.4.11",
      },
      "devDependencies": {
        "@types/bun": "1.2.13",
        "@types/node": "22.15.3",
        "typescript": "5.8.3",
      },
    },
  },
  "packages": {
    "@types/bun": ["@types/bun@1.2.13", "", { "dependencies": { "bun-types": "1.2.13" } }, "sha512-u6vXep/i9VBxoJl3GjZsl/BFIsvML8DfVDO0RYLEwtSZSp981kEO1V5NwRcO1CPJ7AmvpbnDCiMKo3JvbDEjAg=="],

    "@types/node": ["@types/node@22.15.3", "", { "dependencies": { "undici-types": "~6.21.0" } }, "sha512-lX7HFZeHf4QG/J7tBZqrCAXwz9J5RD56Y6MpP0eJkka8p+K0RY/yBTW7CYFJ4VGCclxqOLKmiGP5juQc6MKgcw=="],

    "bun-types": ["bun-types@1.2.13", "", { "dependencies": { "@types/node": "*" } }, "sha512-rRjA1T6n7wto4gxhAO/ErZEtOXyEZEmnIHQfl0Dt1QQSB4QV0iP6BZ9/YB5fZaHFQ2dwHFrmPaRQ9GGMX01k9Q=="],

    "entities": ["entities@8.0.0", "", {}, "sha512-zwfzJecQ/Uej6tusMqwAqU/6KL2XaB2VZ2Jg54Je6ahNBGNH6Ek6g3jjNCF0fG9EWQKGZNddNjU5F1ZQn/sBnA=="],

    "ipaddr.js": ["ipaddr.js@2.5.0", "", {}, "sha512-aq+t5NAc+cS6rZQQVWC2x98CPqGtKKTMDd4Gaodv0wShnItdKg/51djkGJ1hqH+Oy0ivDftCbSLCQob8zso01w=="],

    "parse5": ["parse5@8.0.1", "", { "dependencies": { "entities": "^8.0.0" } }, "sha512-z1e/HMG90obSGeidlli3hj7cbocou0/wa5HacvI3ASx34PecNjNQeaHNo5WIZpWofN9kgkqV1q5YvXe3F0FoPw=="],

    "tldts": ["tldts@7.4.11", "", { "dependencies": { "tldts-core": "^7.4.11" }, "bin": { "tldts": "bin/cli.js" } }, "sha512-aBiNayCfTQxuIJBm06M+xR14cYaYlDlSXZbgsnKzKNxDKUVq7KFwTjwBSsb7m9Y5xO8WfPnBc63WaYFMTGlvqw=="],

    "tldts-core": ["tldts-core@7.4.11", "", {}, "sha512-CW3WN2rIIE/Of21mulhgnGOwoDyEFNygyIBOONSdyAuSATgMMUCpLeUlB+E8sAwA5xRV9hYPl+kyZ9citHCaKg=="],

    "typescript": ["typescript@5.8.3", "", { "bin": { "tsc": "bin/tsc", "tsserver": "bin/tsserver" } }, "sha512-p1diW6TqL9L07nNxvRMM7hMMw4c5XOo/1ibL4aAIGmSAt9slTE1Xgw5KWuof2uTOvCg9BY7ZRi+GaF+7sfgPeQ=="],

    "undici-types": ["undici-types@6.21.0", "", {}, "sha512-iwDZqg0QAGrg9Rav5H4n0M64c3mkR59cJ6wQp+7C4nI0gsmExaedaYLNO44eT4AtBBwjbTiGPMlt2Md0T9H9JQ=="],

    "bun-types/@types/node": ["@types/node@26.4.0", "", { "dependencies": { "undici-types": "~8.3.0" } }, "sha512-faiGnoIrLH/V8cibOMEAZ8pMw6oXqSukl29ra4mN8GdaB2ZewzeaLj+INpV5N+Z1eKWzY+IzaIZH2EIR6YZRNQ=="],

    "bun-types/@types/node/undici-types": ["undici-types@8.3.0", "", {}, "sha512-j375ScV60dom+YkPFIfTLcOiPxkN/buHz5GobjLhixFuANaNs3C9l4GmrWqejgXWJ7BbJcFYpTEUkS1Ge8bpZQ=="],
  }
}
